
Microsoft Visual Studio Solution File, Format Version 12.00
# Visual Studio Version 17
VisualStudioVersion = 17.14.36121.58 d17.14
MinimumVisualStudioVersion = 10.0.40219.1
Project("{FAE04EC0-301F-11D3-BF4B-00C04F79EFBC}") = "FlowControl", "FlowControl\FlowControl.csproj", "{B2743314-DDCF-43CD-8FB8-604D5B60B93A}"
EndProject
Global
	GlobalSection(SolutionConfigurationPlatforms) = preSolution
		Debug|Any CPU = Debug|Any CPU
		Release|Any CPU = Release|Any CPU
	EndGlobalSection
	GlobalSection(ProjectConfigurationPlatforms) = postSolution
		{B2743314-DDCF-43CD-8FB8-604D5B60B93A}.Debug|Any CPU.ActiveCfg = Debug|Any CPU
		{B2743314-DDCF-43CD-8FB8-604D5B60B93A}.Debug|Any CPU.Build.0 = Debug|Any CPU
		{B2743314-DDCF-43CD-8FB8-604D5B60B93A}.Release|Any CPU.ActiveCfg = Release|Any CPU
		{B2743314-DDCF-43CD-8FB8-604D5B60B93A}.Release|Any CPU.Build.0 = Release|Any CPU
	EndGlobalSection
	GlobalSection(SolutionProperties) = preSolution
		HideSolutionNode = FALSE
	EndGlobalSection
	GlobalSection(ExtensibilityGlobals) = postSolution
		SolutionGuid = {71826774-3B98-4F50-ABB1-C9BCA8FEE157}
	EndGlobalSection
EndGlobal
